PODS:
  - KVOController (1.0.3)
  - MUKArrayDelta (1.1.3)
  - MUKDataSource (2.2.2):
    - KVOController (~> 1.0.3)
    - MUKArrayDelta (~> 1.1.3)

DEPENDENCIES:
  - KVOController (~> 1.0.3)
  - MUKDataSource (from `../`)

EXTERNAL SOURCES:
  MUKDataSource:
    :path: ../

SPEC CHECKSUMS:
  KVOController: 9fd8f0343670994e4b6f9f0b31f5a45663f3e1cf
  MUKArrayDelta: fa436fb63e4425873a874a2713830e2bd497c805
  MUKDataSource: d5f68aef27e763b9bfd19533c308cf2105301163

COCOAPODS: 0.38.2
