PODS:
  - MUKArrayDelta (1.2.0)
  - MUKDataSource (2.5.11):
    - MUKArrayDelta (~> 1.2.0)
    - MUKSignal (~> 1.0.2)
  - MUKSignal (1.0.5)

DEPENDENCIES:
  - MUKDataSource (from `../`)

SPEC REPOS:
  https://github.com/cocoapods/specs.git:
    - MUKArrayDelta
    - MUKSignal

EXTERNAL SOURCES:
  MUKDataSource:
    :path: "../"

SPEC CHECKSUMS:
  MUKArrayDelta: cbe29bd6da281e54b5bfb10132b2c6e81839e6b9
  MUKDataSource: edba5a4d6027bc3a235f358ec82f5a96275be01c
  MUKSignal: 3b6f161c7337883d2d6570f0246ce460cb05373d

PODFILE CHECKSUM: 66e6929c979ff119e664371538e3eff6e8821192

COCOAPODS: 1.7.2
