// !$*UTF8*$!
{
	archiveVersion = 1;
	classes = {
	};
	objectVersion = 46;
	objects = {

/* Begin PBXBuildFile section */
		063D4CE41B2F0443003BE629 /* MUKDataSourceTableSupportTests.m in Sources */ = {isa = PBXBuildFile; fileRef = 063D4CE31B2F0443003BE629 /* MUKDataSourceTableSupportTests.m */; };
		0683FA461B285EEF002C694B /* main.m in Sources */ = {isa = PBXBuildFile; fileRef = 0683FA451B285EEF002C694B /* main.m */; };
		0683FA521B285EEF002C694B /* Main.storyboard in Resources */ = {isa = PBXBuildFile; fileRef = 0683FA501B285EEF002C694B /* Main.storyboard */; };
		0683FA541B285EEF002C694B /* Images.xcassets in Resources */ = {isa = PBXBuildFile; fileRef = 0683FA531B285EEF002C694B /* Images.xcassets */; };
		0683FA571B285EEF002C694B /* LaunchScreen.xib in Resources */ = {isa = PBXBuildFile; fileRef = 0683FA551B285EEF002C694B /* LaunchScreen.xib */; };
		0683FA631B285EEF002C694B /* MUKDataSourceTests.m in Sources */ = {isa = PBXBuildFile; fileRef = 0683FA621B285EEF002C694B /* MUKDataSourceTests.m */; };
		0683FA701B2D7952002C694B /* MUKDataSourceTableUpdateTests.m in Sources */ = {isa = PBXBuildFile; fileRef = 0683FA6F1B2D7952002C694B /* MUKDataSourceTableUpdateTests.m */; };
		0683FA771B2D9942002C694B /* AppDelegate.m in Sources */ = {isa = PBXBuildFile; fileRef = 0683FA741B2D9942002C694B /* AppDelegate.m */; };
		0683FA7A1B2D9960002C694B /* TableExamplesViewController.m in Sources */ = {isa = PBXBuildFile; fileRef = 0683FA791B2D9960002C694B /* TableExamplesViewController.m */; };
		0683FA7E1B2D99AD002C694B /* TableExamplesDataSource.m in Sources */ = {isa = PBXBuildFile; fileRef = 0683FA7D1B2D99AD002C694B /* TableExamplesDataSource.m */; };
		0683FA861B2D9B9C002C694B /* TableExampleViewController.m in Sources */ = {isa = PBXBuildFile; fileRef = 0683FA851B2D9B9C002C694B /* TableExampleViewController.m */; };
		0683FA8A1B2D9BE3002C694B /* TableExample.m in Sources */ = {isa = PBXBuildFile; fileRef = 0683FA891B2D9BE3002C694B /* TableExample.m */; };
		0683FA8E1B2D9DC8002C694B /* TableExampleDataSource.m in Sources */ = {isa = PBXBuildFile; fileRef = 0683FA8D1B2D9DC8002C694B /* TableExampleDataSource.m */; };
		4899C46890BB1C25B329F6D8 /* libPods.a in Frameworks */ = {isa = PBXBuildFile; fileRef = C82181A8B8647E020A3326B7 /* libPods.a */; };
		53573B1C29C682A3B1B27834 /* libPods-MUKDataSourceTests.a in Frameworks */ = {isa = PBXBuildFile; fileRef = 9982A8D823E053383D66CE83 /* libPods-MUKDataSourceTests.a */; };
/* End PBXBuildFile section */

/* Begin PBXContainerItemProxy section */
		0683FA5D1B285EEF002C694B /* PBXContainerItemProxy */ = {
			isa = PBXContainerItemProxy;
			containerPortal = 0683FA381B285EEF002C694B /* Project object */;
			proxyType = 1;
			remoteGlobalIDString = 0683FA3F1B285EEF002C694B;
			remoteInfo = MUKDataSource;
		};
/* End PBXContainerItemProxy section */

/* Begin PBXFileReference section */
		063D4CE31B2F0443003BE629 /* MUKDataSourceTableSupportTests.m */ = {isa = PBXFileReference; fileEncoding = 4; lastKnownFileType = sourcecode.c.objc; path = MUKDataSourceTableSupportTests.m; sourceTree = "<group>"; };
		0683FA401B285EEF002C694B /* MUKDataSource.app */ = {isa = PBXFileReference; explicitFileType = wrapper.application; includeInIndex = 0; path = MUKDataSource.app; sourceTree = BUILT_PRODUCTS_DIR; };
		0683FA441B285EEF002C694B /* Info.plist */ = {isa = PBXFileReference; lastKnownFileType = text.plist.xml; path = Info.plist; sourceTree = "<group>"; };
		0683FA451B285EEF002C694B /* main.m */ = {isa = PBXFileReference; lastKnownFileType = sourcecode.c.objc; path = main.m; sourceTree = "<group>"; };
		0683FA511B285EEF002C694B /* Base */ = {isa = PBXFileReference; lastKnownFileType = file.storyboard; name = Base; path = Base.lproj/Main.storyboard; sourceTree = "<group>"; };
		0683FA531B285EEF002C694B /* Images.xcassets */ = {isa = PBXFileReference; lastKnownFileType = folder.assetcatalog; path = Images.xcassets; sourceTree = "<group>"; };
		0683FA561B285EEF002C694B /* Base */ = {isa = PBXFileReference; lastKnownFileType = file.xib; name = Base; path = Base.lproj/LaunchScreen.xib; sourceTree = "<group>"; };
		0683FA5C1B285EEF002C694B /* MUKDataSourceTests.xctest */ = {isa = PBXFileReference; explicitFileType = wrapper.cfbundle; includeInIndex = 0; path = MUKDataSourceTests.xctest; sourceTree = BUILT_PRODUCTS_DIR; };
		0683FA611B285EEF002C694B /* Info.plist */ = {isa = PBXFileReference; lastKnownFileType = text.plist.xml; path = Info.plist; sourceTree = "<group>"; };
		0683FA621B285EEF002C694B /* MUKDataSourceTests.m */ = {isa = PBXFileReference; lastKnownFileType = sourcecode.c.objc; path = MUKDataSourceTests.m; sourceTree = "<group>"; };
		0683FA6F1B2D7952002C694B /* MUKDataSourceTableUpdateTests.m */ = {isa = PBXFileReference; fileEncoding = 4; lastKnownFileType = sourcecode.c.objc; path = MUKDataSourceTableUpdateTests.m; sourceTree = "<group>"; };
		0683FA731B2D9942002C694B /* AppDelegate.h */ = {isa = PBXFileReference; fileEncoding = 4; lastKnownFileType = sourcecode.c.h; path = AppDelegate.h; sourceTree = "<group>"; };
		0683FA741B2D9942002C694B /* AppDelegate.m */ = {isa = PBXFileReference; fileEncoding = 4; lastKnownFileType = sourcecode.c.objc; path = AppDelegate.m; sourceTree = "<group>"; };
		0683FA781B2D9960002C694B /* TableExamplesViewController.h */ = {isa = PBXFileReference; fileEncoding = 4; lastKnownFileType = sourcecode.c.h; path = TableExamplesViewController.h; sourceTree = "<group>"; };
		0683FA791B2D9960002C694B /* TableExamplesViewController.m */ = {isa = PBXFileReference; fileEncoding = 4; lastKnownFileType = sourcecode.c.objc; path = TableExamplesViewController.m; sourceTree = "<group>"; };
		0683FA7C1B2D99AD002C694B /* TableExamplesDataSource.h */ = {isa = PBXFileReference; fileEncoding = 4; lastKnownFileType = sourcecode.c.h; path = TableExamplesDataSource.h; sourceTree = "<group>"; };
		0683FA7D1B2D99AD002C694B /* TableExamplesDataSource.m */ = {isa = PBXFileReference; fileEncoding = 4; lastKnownFileType = sourcecode.c.objc; path = TableExamplesDataSource.m; sourceTree = "<group>"; };
		0683FA841B2D9B9C002C694B /* TableExampleViewController.h */ = {isa = PBXFileReference; fileEncoding = 4; lastKnownFileType = sourcecode.c.h; path = TableExampleViewController.h; sourceTree = "<group>"; };
		0683FA851B2D9B9C002C694B /* TableExampleViewController.m */ = {isa = PBXFileReference; fileEncoding = 4; lastKnownFileType = sourcecode.c.objc; path = TableExampleViewController.m; sourceTree = "<group>"; };
		0683FA881B2D9BE3002C694B /* TableExample.h */ = {isa = PBXFileReference; fileEncoding = 4; lastKnownFileType = sourcecode.c.h; path = TableExample.h; sourceTree = "<group>"; };
		0683FA891B2D9BE3002C694B /* TableExample.m */ = {isa = PBXFileReference; fileEncoding = 4; lastKnownFileType = sourcecode.c.objc; path = TableExample.m; sourceTree = "<group>"; };
		0683FA8C1B2D9DC8002C694B /* TableExampleDataSource.h */ = {isa = PBXFileReference; fileEncoding = 4; lastKnownFileType = sourcecode.c.h; path = TableExampleDataSource.h; sourceTree = "<group>"; };
		0683FA8D1B2D9DC8002C694B /* TableExampleDataSource.m */ = {isa = PBXFileReference; fileEncoding = 4; lastKnownFileType = sourcecode.c.objc; path = TableExampleDataSource.m; sourceTree = "<group>"; };
		15726E95C35402D1C5289608 /* Pods.release.xcconfig */ = {isa = PBXFileReference; includeInIndex = 1; lastKnownFileType = text.xcconfig; name = Pods.release.xcconfig; path = "Pods/Target Support Files/Pods/Pods.release.xcconfig"; sourceTree = "<group>"; };
		9982A8D823E053383D66CE83 /* libPods-MUKDataSourceTests.a */ = {isa = PBXFileReference; explicitFileType = archive.ar; includeInIndex = 0; path = "libPods-MUKDataSourceTests.a"; sourceTree = BUILT_PRODUCTS_DIR; };
		AA921ACB481F431EC205FE74 /* Pods.debug.xcconfig */ = {isa = PBXFileReference; includeInIndex = 1; lastKnownFileType = text.xcconfig; name = Pods.debug.xcconfig; path = "Pods/Target Support Files/Pods/Pods.debug.xcconfig"; sourceTree = "<group>"; };
		C82181A8B8647E020A3326B7 /* libPods.a */ = {isa = PBXFileReference; explicitFileType = archive.ar; includeInIndex = 0; path = libPods.a; sourceTree = BUILT_PRODUCTS_DIR; };
		CA7C24DB43B53D479DF5BCCE /* Pods-MUKDataSourceTests.debug.xcconfig */ = {isa = PBXFileReference; includeInIndex = 1; lastKnownFileType = text.xcconfig; name = "Pods-MUKDataSourceTests.debug.xcconfig"; path = "Pods/Target Support Files/Pods-MUKDataSourceTests/Pods-MUKDataSourceTests.debug.xcconfig"; sourceTree = "<group>"; };
		D8AFC8EF2A2C187BC2F095B2 /* Pods-MUKDataSourceTests.release.xcconfig */ = {isa = PBXFileReference; includeInIndex = 1; lastKnownFileType = text.xcconfig; name = "Pods-MUKDataSourceTests.release.xcconfig"; path = "Pods/Target Support Files/Pods-MUKDataSourceTests/Pods-MUKDataSourceTests.release.xcconfig"; sourceTree = "<group>"; };
/* End PBXFileReference section */

/* Begin PBXFrameworksBuildPhase section */
		0683FA3D1B285EEF002C694B /* Frameworks */ = {
			isa = PBXFrameworksBuildPhase;
			buildActionMask = 2147483647;
			files = (
				4899C46890BB1C25B329F6D8 /* libPods.a in Frameworks */,
			);
			runOnlyForDeploymentPostprocessing = 0;
		};
		0683FA591B285EEF002C694B /* Frameworks */ = {
			isa = PBXFrameworksBuildPhase;
			buildActionMask = 2147483647;
			files = (
				53573B1C29C682A3B1B27834 /* libPods-MUKDataSourceTests.a in Frameworks */,
			);
			runOnlyForDeploymentPostprocessing = 0;
		};
/* End PBXFrameworksBuildPhase section */

/* Begin PBXGroup section */
		0683FA371B285EEF002C694B = {
			isa = PBXGroup;
			children = (
				0683FA421B285EEF002C694B /* App */,
				0683FA5F1B285EEF002C694B /* Tests */,
				0683FA411B285EEF002C694B /* Products */,
				1399B1FBCD64F5A7A447DFC0 /* Pods */,
				EF4DD3EF43B7B60451AE6549 /* Frameworks */,
			);
			sourceTree = "<group>";
		};
		0683FA411B285EEF002C694B /* Products */ = {
			isa = PBXGroup;
			children = (
				0683FA401B285EEF002C694B /* MUKDataSource.app */,
				0683FA5C1B285EEF002C694B /* MUKDataSourceTests.xctest */,
			);
			name = Products;
			sourceTree = "<group>";
		};
		0683FA421B285EEF002C694B /* App */ = {
			isa = PBXGroup;
			children = (
				0683FA711B2D9942002C694B /* Classes */,
				0683FA501B285EEF002C694B /* Main.storyboard */,
				0683FA531B285EEF002C694B /* Images.xcassets */,
				0683FA551B285EEF002C694B /* LaunchScreen.xib */,
				0683FA431B285EEF002C694B /* Supporting Files */,
			);
			name = App;
			path = MUKDataSource;
			sourceTree = "<group>";
		};
		0683FA431B285EEF002C694B /* Supporting Files */ = {
			isa = PBXGroup;
			children = (
				0683FA441B285EEF002C694B /* Info.plist */,
				0683FA451B285EEF002C694B /* main.m */,
			);
			name = "Supporting Files";
			sourceTree = "<group>";
		};
		0683FA5F1B285EEF002C694B /* Tests */ = {
			isa = PBXGroup;
			children = (
				0683FA621B285EEF002C694B /* MUKDataSourceTests.m */,
				063D4CE31B2F0443003BE629 /* MUKDataSourceTableSupportTests.m */,
				0683FA6F1B2D7952002C694B /* MUKDataSourceTableUpdateTests.m */,
				0683FA601B285EEF002C694B /* Supporting Files */,
			);
			name = Tests;
			path = MUKDataSourceTests;
			sourceTree = "<group>";
		};
		0683FA601B285EEF002C694B /* Supporting Files */ = {
			isa = PBXGroup;
			children = (
				0683FA611B285EEF002C694B /* Info.plist */,
			);
			name = "Supporting Files";
			sourceTree = "<group>";
		};
		0683FA711B2D9942002C694B /* Classes */ = {
			isa = PBXGroup;
			children = (
				0683FA721B2D9942002C694B /* App Delegate */,
				0683FA751B2D9942002C694B /* Table */,
			);
			path = Classes;
			sourceTree = "<group>";
		};
		0683FA721B2D9942002C694B /* App Delegate */ = {
			isa = PBXGroup;
			children = (
				0683FA731B2D9942002C694B /* AppDelegate.h */,
				0683FA741B2D9942002C694B /* AppDelegate.m */,
			);
			path = "App Delegate";
			sourceTree = "<group>";
		};
		0683FA751B2D9942002C694B /* Table */ = {
			isa = PBXGroup;
			children = (
				0683FA871B2D9BE3002C694B /* Model */,
				0683FA761B2D9942002C694B /* List */,
				0683FA831B2D9B80002C694B /* Example */,
			);
			path = Table;
			sourceTree = "<group>";
		};
		0683FA761B2D9942002C694B /* List */ = {
			isa = PBXGroup;
			children = (
				0683FA7B1B2D9995002C694B /* Data Source */,
				0683FA781B2D9960002C694B /* TableExamplesViewController.h */,
				0683FA791B2D9960002C694B /* TableExamplesViewController.m */,
			);
			path = List;
			sourceTree = "<group>";
		};
		0683FA7B1B2D9995002C694B /* Data Source */ = {
			isa = PBXGroup;
			children = (
				0683FA7C1B2D99AD002C694B /* TableExamplesDataSource.h */,
				0683FA7D1B2D99AD002C694B /* TableExamplesDataSource.m */,
			);
			path = "Data Source";
			sourceTree = "<group>";
		};
		0683FA831B2D9B80002C694B /* Example */ = {
			isa = PBXGroup;
			children = (
				0683FA8B1B2D9DB6002C694B /* Data Source */,
				0683FA841B2D9B9C002C694B /* TableExampleViewController.h */,
				0683FA851B2D9B9C002C694B /* TableExampleViewController.m */,
			);
			path = Example;
			sourceTree = "<group>";
		};
		0683FA871B2D9BE3002C694B /* Model */ = {
			isa = PBXGroup;
			children = (
				0683FA881B2D9BE3002C694B /* TableExample.h */,
				0683FA891B2D9BE3002C694B /* TableExample.m */,
			);
			path = Model;
			sourceTree = "<group>";
		};
		0683FA8B1B2D9DB6002C694B /* Data Source */ = {
			isa = PBXGroup;
			children = (
				0683FA8C1B2D9DC8002C694B /* TableExampleDataSource.h */,
				0683FA8D1B2D9DC8002C694B /* TableExampleDataSource.m */,
			);
			path = "Data Source";
			sourceTree = "<group>";
		};
		1399B1FBCD64F5A7A447DFC0 /* Pods */ = {
			isa = PBXGroup;
			children = (
				AA921ACB481F431EC205FE74 /* Pods.debug.xcconfig */,
				15726E95C35402D1C5289608 /* Pods.release.xcconfig */,
				CA7C24DB43B53D479DF5BCCE /* Pods-MUKDataSourceTests.debug.xcconfig */,
				D8AFC8EF2A2C187BC2F095B2 /* Pods-MUKDataSourceTests.release.xcconfig */,
			);
			name = Pods;
			sourceTree = "<group>";
		};
		EF4DD3EF43B7B60451AE6549 /* Frameworks */ = {
			isa = PBXGroup;
			children = (
				C82181A8B8647E020A3326B7 /* libPods.a */,
				9982A8D823E053383D66CE83 /* libPods-MUKDataSourceTests.a */,
			);
			name = Frameworks;
			sourceTree = "<group>";
		};
/* End PBXGroup section */

/* Begin PBXNativeTarget section */
		0683FA3F1B285EEF002C694B /* MUKDataSource */ = {
			isa = PBXNativeTarget;
			buildConfigurationList = 0683FA661B285EEF002C694B /* Build configuration list for PBXNativeTarget "MUKDataSource" */;
			buildPhases = (
				E753BE73AF29445BCCB50AFC /* Check Pods Manifest.lock */,
				0683FA3C1B285EEF002C694B /* Sources */,
				0683FA3D1B285EEF002C694B /* Frameworks */,
				0683FA3E1B285EEF002C694B /* Resources */,
				7FA9EBC5D90168A8A647B2C1 /* Copy Pods Resources */,
			);
			buildRules = (
			);
			dependencies = (
			);
			name = MUKDataSource;
			productName = MUKDataSource;
			productReference = 0683FA401B285EEF002C694B /* MUKDataSource.app */;
			productType = "com.apple.product-type.application";
		};
		0683FA5B1B285EEF002C694B /* MUKDataSourceTests */ = {
			isa = PBXNativeTarget;
			buildConfigurationList = 0683FA691B285EEF002C694B /* Build configuration list for PBXNativeTarget "MUKDataSourceTests" */;
			buildPhases = (
				2A20B84DED5547867D303931 /* Check Pods Manifest.lock */,
				0683FA581B285EEF002C694B /* Sources */,
				0683FA591B285EEF002C694B /* Frameworks */,
				0683FA5A1B285EEF002C694B /* Resources */,
				AB8A4F2AE82DB605C858FF4C /* Copy Pods Resources */,
			);
			buildRules = (
			);
			dependencies = (
				0683FA5E1B285EEF002C694B /* PBXTargetDependency */,
			);
			name = MUKDataSourceTests;
			productName = MUKDataSourceTests;
			productReference = 0683FA5C1B285EEF002C694B /* MUKDataSourceTests.xctest */;
			productType = "com.apple.product-type.bundle.unit-test";
		};
/* End PBXNativeTarget section */

/* Begin PBXProject section */
		0683FA381B285EEF002C694B /* Project object */ = {
			isa = PBXProject;
			attributes = {
				LastUpgradeCheck = 0620;
				ORGANIZATIONNAME = MUKit;
				TargetAttributes = {
					0683FA3F1B285EEF002C694B = {
						CreatedOnToolsVersion = 6.2;
					};
					0683FA5B1B285EEF002C694B = {
						CreatedOnToolsVersion = 6.2;
						TestTargetID = 0683FA3F1B285EEF002C694B;
					};
				};
			};
			buildConfigurationList = 0683FA3B1B285EEF002C694B /* Build configuration list for PBXProject "MUKDataSource" */;
			compatibilityVersion = "Xcode 3.2";
			developmentRegion = English;
			hasScannedForEncodings = 0;
			knownRegions = (
				en,
				Base,
			);
			mainGroup = 0683FA371B285EEF002C694B;
			productRefGroup = 0683FA411B285EEF002C694B /* Products */;
			projectDirPath = "";
			projectRoot = "";
			targets = (
				0683FA3F1B285EEF002C694B /* MUKDataSource */,
				0683FA5B1B285EEF002C694B /* MUKDataSourceTests */,
			);
		};
/* End PBXProject section */

/* Begin PBXResourcesBuildPhase section */
		0683FA3E1B285EEF002C694B /* Resources */ = {
			isa = PBXResourcesBuildPhase;
			buildActionMask = 2147483647;
			files = (
				0683FA521B285EEF002C694B /* Main.storyboard in Resources */,
				0683FA571B285EEF002C694B /* LaunchScreen.xib in Resources */,
				0683FA541B285EEF002C694B /* Images.xcassets in Resources */,
			);
			runOnlyForDeploymentPostprocessing = 0;
		};
		0683FA5A1B285EEF002C694B /* Resources */ = {
			isa = PBXResourcesBuildPhase;
			buildActionMask = 2147483647;
			files = (
			);
			runOnlyForDeploymentPostprocessing = 0;
		};
/* End PBXResourcesBuildPhase section */

/* Begin PBXShellScriptBuildPhase section */
		2A20B84DED5547867D303931 /* Check Pods Manifest.lock */ = {
			isa = PBXShellScriptBuildPhase;
			buildActionMask = 2147483647;
			files = (
			);
			inputPaths = (
			);
			name = "Check Pods Manifest.lock";
			outputPaths = (
			);
			runOnlyForDeploymentPostprocessing = 0;
			shellPath = /bin/sh;
			shellScript = "diff \"${PODS_ROOT}/../Podfile.lock\" \"${PODS_ROOT}/Manifest.lock\" > /dev/null\nif [[ $? != 0 ]] ; then\n    cat << EOM\nerror: The sandbox is not in sync with the Podfile.lock. Run 'pod install' or update your CocoaPods installation.\nEOM\n    exit 1\nfi\n";
			showEnvVarsInLog = 0;
		};
		7FA9EBC5D90168A8A647B2C1 /* Copy Pods Resources */ = {
			isa = PBXShellScriptBuildPhase;
			buildActionMask = 2147483647;
			files = (
			);
			inputPaths = (
			);
			name = "Copy Pods Resources";
			outputPaths = (
			);
			runOnlyForDeploymentPostprocessing = 0;
			shellPath = /bin/sh;
			shellScript = "\"${SRCROOT}/Pods/Target Support Files/Pods/Pods-resources.sh\"\n";
			showEnvVarsInLog = 0;
		};
		AB8A4F2AE82DB605C858FF4C /* Copy Pods Resources */ = {
			isa = PBXShellScriptBuildPhase;
			buildActionMask = 2147483647;
			files = (
			);
			inputPaths = (
			);
			name = "Copy Pods Resources";
			outputPaths = (
			);
			runOnlyForDeploymentPostprocessing = 0;
			shellPath = /bin/sh;
			shellScript = "\"${SRCROOT}/Pods/Target Support Files/Pods-MUKDataSourceTests/Pods-MUKDataSourceTests-resources.sh\"\n";
			showEnvVarsInLog = 0;
		};
		E753BE73AF29445BCCB50AFC /* Check Pods Manifest.lock */ = {
			isa = PBXShellScriptBuildPhase;
			buildActionMask = 2147483647;
			files = (
			);
			inputPaths = (
			);
			name = "Check Pods Manifest.lock";
			outputPaths = (
			);
			runOnlyForDeploymentPostprocessing = 0;
			shellPath = /bin/sh;
			shellScript = "diff \"${PODS_ROOT}/../Podfile.lock\" \"${PODS_ROOT}/Manifest.lock\" > /dev/null\nif [[ $? != 0 ]] ; then\n    cat << EOM\nerror: The sandbox is not in sync with the Podfile.lock. Run 'pod install' or update your CocoaPods installation.\nEOM\n    exit 1\nfi\n";
			showEnvVarsInLog = 0;
		};
/* End PBXShellScriptBuildPhase section */

/* Begin PBXSourcesBuildPhase section */
		0683FA3C1B285EEF002C694B /* Sources */ = {
			isa = PBXSourcesBuildPhase;
			buildActionMask = 2147483647;
			files = (
				0683FA771B2D9942002C694B /* AppDelegate.m in Sources */,
				0683FA461B285EEF002C694B /* main.m in Sources */,
				0683FA7E1B2D99AD002C694B /* TableExamplesDataSource.m in Sources */,
				0683FA7A1B2D9960002C694B /* TableExamplesViewController.m in Sources */,
				0683FA8E1B2D9DC8002C694B /* TableExampleDataSource.m in Sources */,
				0683FA861B2D9B9C002C694B /* TableExampleViewController.m in Sources */,
				0683FA8A1B2D9BE3002C694B /* TableExample.m in Sources */,
			);
			runOnlyForDeploymentPostprocessing = 0;
		};
		0683FA581B285EEF002C694B /* Sources */ = {
			isa = PBXSourcesBuildPhase;
			buildActionMask = 2147483647;
			files = (
				063D4CE41B2F0443003BE629 /* MUKDataSourceTableSupportTests.m in Sources */,
				0683FA701B2D7952002C694B /* MUKDataSourceTableUpdateTests.m in Sources */,
				0683FA631B285EEF002C694B /* MUKDataSourceTests.m in Sources */,
			);
			runOnlyForDeploymentPostprocessing = 0;
		};
/* End PBXSourcesBuildPhase section */

/* Begin PBXTargetDependency section */
		0683FA5E1B285EEF002C694B /* PBXTargetDependency */ = {
			isa = PBXTargetDependency;
			target = 0683FA3F1B285EEF002C694B /* MUKDataSource */;
			targetProxy = 0683FA5D1B285EEF002C694B /* PBXContainerItemProxy */;
		};
/* End PBXTargetDependency section */

/* Begin PBXVariantGroup section */
		0683FA501B285EEF002C694B /* Main.storyboard */ = {
			isa = PBXVariantGroup;
			children = (
				0683FA511B285EEF002C694B /* Base */,
			);
			name = Main.storyboard;
			sourceTree = "<group>";
		};
		0683FA551B285EEF002C694B /* LaunchScreen.xib */ = {
			isa = PBXVariantGroup;
			children = (
				0683FA561B285EEF002C694B /* Base */,
			);
			name = LaunchScreen.xib;
			sourceTree = "<group>";
		};
/* End PBXVariantGroup section */

/* Begin XCBuildConfiguration section */
		0683FA641B285EEF002C694B /* Debug */ = {
			isa = XCBuildConfiguration;
			buildSettings = {
				ALWAYS_SEARCH_USER_PATHS = NO;
				CLANG_CXX_LANGUAGE_STANDARD = "gnu++0x";
				CLANG_CXX_LIBRARY = "libc++";
				CLANG_ENABLE_MODULES = YES;
				CLANG_ENABLE_OBJC_ARC = YES;
				CLANG_WARN_BOOL_CONVERSION = YES;
				CLANG_WARN_CONSTANT_CONVERSION = YES;
				CLANG_WARN_DIRECT_OBJC_ISA_USAGE = YES_ERROR;
				CLANG_WARN_EMPTY_BODY = YES;
				CLANG_WARN_ENUM_CONVERSION = YES;
				CLANG_WARN_INT_CONVERSION = YES;
				CLANG_WARN_OBJC_ROOT_CLASS = YES_ERROR;
				CLANG_WARN_UNREACHABLE_CODE = YES;
				CLANG_WARN__DUPLICATE_METHOD_MATCH = YES;
				"CODE_SIGN_IDENTITY[sdk=iphoneos*]" = "iPhone Developer";
				COPY_PHASE_STRIP = NO;
				ENABLE_STRICT_OBJC_MSGSEND = YES;
				GCC_C_LANGUAGE_STANDARD = gnu99;
				GCC_DYNAMIC_NO_PIC = NO;
				GCC_OPTIMIZATION_LEVEL = 0;
				GCC_PREPROCESSOR_DEFINITIONS = (
					"DEBUG=1",
					"$(inherited)",
				);
				GCC_SYMBOLS_PRIVATE_EXTERN = NO;
				GCC_WARN_64_TO_32_BIT_CONVERSION = YES;
				GCC_WARN_ABOUT_RETURN_TYPE = YES_ERROR;
				GCC_WARN_UNDECLARED_SELECTOR = YES;
				GCC_WARN_UNINITIALIZED_AUTOS = YES_AGGRESSIVE;
				GCC_WARN_UNUSED_FUNCTION = YES;
				GCC_WARN_UNUSED_VARIABLE = YES;
				IPHONEOS_DEPLOYMENT_TARGET = 8.2;
				MTL_ENABLE_DEBUG_INFO = YES;
				ONLY_ACTIVE_ARCH = YES;
				SDKROOT = iphoneos;
			};
			name = Debug;
		};
		0683FA651B285EEF002C694B /* Release */ = {
			isa = XCBuildConfiguration;
			buildSettings = {
				ALWAYS_SEARCH_USER_PATHS = NO;
				CLANG_CXX_LANGUAGE_STANDARD = "gnu++0x";
				CLANG_CXX_LIBRARY = "libc++";
				CLANG_ENABLE_MODULES = YES;
				CLANG_ENABLE_OBJC_ARC = YES;
				CLANG_WARN_BOOL_CONVERSION = YES;
				CLANG_WARN_CONSTANT_CONVERSION = YES;
				CLANG_WARN_DIRECT_OBJC_ISA_USAGE = YES_ERROR;
				CLANG_WARN_EMPTY_BODY = YES;
				CLANG_WARN_ENUM_CONVERSION = YES;
				CLANG_WARN_INT_CONVERSION = YES;
				CLANG_WARN_OBJC_ROOT_CLASS = YES_ERROR;
				CLANG_WARN_UNREACHABLE_CODE = YES;
				CLANG_WARN__DUPLICATE_METHOD_MATCH = YES;
				"CODE_SIGN_IDENTITY[sdk=iphoneos*]" = "iPhone Developer";
				COPY_PHASE_STRIP = NO;
				ENABLE_NS_ASSERTIONS = NO;
				ENABLE_STRICT_OBJC_MSGSEND = YES;
				GCC_C_LANGUAGE_STANDARD = gnu99;
				GCC_WARN_64_TO_32_BIT_CONVERSION = YES;
				GCC_WARN_ABOUT_RETURN_TYPE = YES_ERROR;
				GCC_WARN_UNDECLARED_SELECTOR = YES;
				GCC_WARN_UNINITIALIZED_AUTOS = YES_AGGRESSIVE;
				GCC_WARN_UNUSED_FUNCTION = YES;
				GCC_WARN_UNUSED_VARIABLE = YES;
				IPHONEOS_DEPLOYMENT_TARGET = 8.2;
				MTL_ENABLE_DEBUG_INFO = NO;
				SDKROOT = iphoneos;
				VALIDATE_PRODUCT = YES;
			};
			name = Release;
		};
		0683FA671B285EEF002C694B /* Debug */ = {
			isa = XCBuildConfiguration;
			baseConfigurationReference = AA921ACB481F431EC205FE74 /* Pods.debug.xcconfig */;
			buildSettings = {
				ASSETCATALOG_COMPILER_APPICON_NAME = AppIcon;
				INFOPLIST_FILE = MUKDataSource/Info.plist;
				LD_RUNPATH_SEARCH_PATHS = "$(inherited) @executable_path/Frameworks";
				PRODUCT_NAME = "$(TARGET_NAME)";
			};
			name = Debug;
		};
		0683FA681B285EEF002C694B /* Release */ = {
			isa = XCBuildConfiguration;
			baseConfigurationReference = 15726E95C35402D1C5289608 /* Pods.release.xcconfig */;
			buildSettings = {
				ASSETCATALOG_COMPILER_APPICON_NAME = AppIcon;
				INFOPLIST_FILE = MUKDataSource/Info.plist;
				LD_RUNPATH_SEARCH_PATHS = "$(inherited) @executable_path/Frameworks";
				PRODUCT_NAME = "$(TARGET_NAME)";
			};
			name = Release;
		};
		0683FA6A1B285EEF002C694B /* Debug */ = {
			isa = XCBuildConfiguration;
			baseConfigurationReference = CA7C24DB43B53D479DF5BCCE /* Pods-MUKDataSourceTests.debug.xcconfig */;
			buildSettings = {
				BUNDLE_LOADER = "$(TEST_HOST)";
				FRAMEWORK_SEARCH_PATHS = (
					"$(SDKROOT)/Developer/Library/Frameworks",
					"$(inherited)",
				);
				GCC_PREPROCESSOR_DEFINITIONS = (
					"DEBUG=1",
					"$(inherited)",
				);
				INFOPLIST_FILE = MUKDataSourceTests/Info.plist;
				LD_RUNPATH_SEARCH_PATHS = "$(inherited) @executable_path/Frameworks @loader_path/Frameworks";
				PRODUCT_NAME = "$(TARGET_NAME)";
				TEST_HOST = "$(BUILT_PRODUCTS_DIR)/MUKDataSource.app/MUKDataSource";
			};
			name = Debug;
		};
		0683FA6B1B285EEF002C694B /* Release */ = {
			isa = XCBuildConfiguration;
			baseConfigurationReference = D8AFC8EF2A2C187BC2F095B2 /* Pods-MUKDataSourceTests.release.xcconfig */;
			buildSettings = {
				BUNDLE_LOADER = "$(TEST_HOST)";
				FRAMEWORK_SEARCH_PATHS = (
					"$(SDKROOT)/Developer/Library/Frameworks",
					"$(inherited)",
				);
				INFOPLIST_FILE = MUKDataSourceTests/Info.plist;
				LD_RUNPATH_SEARCH_PATHS = "$(inherited) @executable_path/Frameworks @loader_path/Frameworks";
				PRODUCT_NAME = "$(TARGET_NAME)";
				TEST_HOST = "$(BUILT_PRODUCTS_DIR)/MUKDataSource.app/MUKDataSource";
			};
			name = Release;
		};
/* End XCBuildConfiguration section */

/* Begin XCConfigurationList section */
		0683FA3B1B285EEF002C694B /* Build configuration list for PBXProject "MUKDataSource" */ = {
			isa = XCConfigurationList;
			buildConfigurations = (
				0683FA641B285EEF002C694B /* Debug */,
				0683FA651B285EEF002C694B /* Release */,
			);
			defaultConfigurationIsVisible = 0;
			defaultConfigurationName = Release;
		};
		0683FA661B285EEF002C694B /* Build configuration list for PBXNativeTarget "MUKDataSource" */ = {
			isa = XCConfigurationList;
			buildConfigurations = (
				0683FA671B285EEF002C694B /* Debug */,
				0683FA681B285EEF002C694B /* Release */,
			);
			defaultConfigurationIsVisible = 0;
			defaultConfigurationName = Release;
		};
		0683FA691B285EEF002C694B /* Build configuration list for PBXNativeTarget "MUKDataSourceTests" */ = {
			isa = XCConfigurationList;
			buildConfigurations = (
				0683FA6A1B285EEF002C694B /* Debug */,
				0683FA6B1B285EEF002C694B /* Release */,
			);
			defaultConfigurationIsVisible = 0;
			defaultConfigurationName = Release;
		};
/* End XCConfigurationList section */
	};
	rootObject = 0683FA381B285EEF002C694B /* Project object */;
}
