// !$*UTF8*$!
{
	archiveVersion = 1;
	classes = {
	};
	objectVersion = 46;
	objects = {

/* Begin PBXBuildFile section */
		063D4CE41B2F0443003BE629 /* MUKDataSourceContentSectionTests.m in Sources */ = {isa = PBXBuildFile; fileRef = 063D4CE31B2F0443003BE629 /* MUKDataSourceContentSectionTests.m */; };
		063D4CFA1B30A893003BE629 /* BasicItem.m in Sources */ = {isa = PBXBuildFile; fileRef = 063D4CF91B30A893003BE629 /* BasicItem.m */; };
		06808E751B3742B800A3B374 /* MUKDataSourceTests.m in Sources */ = {isa = PBXBuildFile; fileRef = 06808E741B3742B800A3B374 /* MUKDataSourceTests.m */; };
		0683FA461B285EEF002C694B /* main.m in Sources */ = {isa = PBXBuildFile; fileRef = 0683FA451B285EEF002C694B /* main.m */; };
		0683FA521B285EEF002C694B /* Main.storyboard in Resources */ = {isa = PBXBuildFile; fileRef = 0683FA501B285EEF002C694B /* Main.storyboard */; };
		0683FA541B285EEF002C694B /* Images.xcassets in Resources */ = {isa = PBXBuildFile; fileRef = 0683FA531B285EEF002C694B /* Images.xcassets */; };
		0683FA571B285EEF002C694B /* LaunchScreen.xib in Resources */ = {isa = PBXBuildFile; fileRef = 0683FA551B285EEF002C694B /* LaunchScreen.xib */; };
		0683FA701B2D7952002C694B /* MUKDataSourceSectionedContentUpdateTests.m in Sources */ = {isa = PBXBuildFile; fileRef = 0683FA6F1B2D7952002C694B /* MUKDataSourceSectionedContentUpdateTests.m */; };
		0683FA771B2D9942002C694B /* AppDelegate.m in Sources */ = {isa = PBXBuildFile; fileRef = 0683FA741B2D9942002C694B /* AppDelegate.m */; };
		06C9154B1B3165F1006B4D94 /* MUKDataSourceTableUpdateTests.m in Sources */ = {isa = PBXBuildFile; fileRef = 06C9154A1B3165F1006B4D94 /* MUKDataSourceTableUpdateTests.m */; };
		06C9154D1B316D08006B4D94 /* MUKDataSourceCollectionUpdateTests.m in Sources */ = {isa = PBXBuildFile; fileRef = 06C9154C1B316D08006B4D94 /* MUKDataSourceCollectionUpdateTests.m */; };
		06C915521B3197A6006B4D94 /* SectionedContentExample.m in Sources */ = {isa = PBXBuildFile; fileRef = 06C915511B3197A6006B4D94 /* SectionedContentExample.m */; };
		06C915561B319842006B4D94 /* Example.m in Sources */ = {isa = PBXBuildFile; fileRef = 06C915551B319842006B4D94 /* Example.m */; };
		06C9155B1B3198C5006B4D94 /* SectionedContentExamplesViewController.m in Sources */ = {isa = PBXBuildFile; fileRef = 06C9155A1B3198C5006B4D94 /* SectionedContentExamplesViewController.m */; };
		06C915611B319907006B4D94 /* SectionedContentExamplesDataSource.m in Sources */ = {isa = PBXBuildFile; fileRef = 06C915601B319907006B4D94 /* SectionedContentExamplesDataSource.m */; };
		06C915701B319F58006B4D94 /* Item.m in Sources */ = {isa = PBXBuildFile; fileRef = 06C9156F1B319F58006B4D94 /* Item.m */; };
		06C915741B31A0AE006B4D94 /* TableExamplesViewController.m in Sources */ = {isa = PBXBuildFile; fileRef = 06C915731B31A0AE006B4D94 /* TableExamplesViewController.m */; };
		06C915781B31A0D6006B4D94 /* TableExampleViewController.m in Sources */ = {isa = PBXBuildFile; fileRef = 06C915771B31A0D6006B4D94 /* TableExampleViewController.m */; };
		06C915801B31A240006B4D94 /* TitlesDataSource.m in Sources */ = {isa = PBXBuildFile; fileRef = 06C9157F1B31A240006B4D94 /* TitlesDataSource.m */; };
		06C915851B31A376006B4D94 /* TableExamplesDataSource.m in Sources */ = {isa = PBXBuildFile; fileRef = 06C915831B31A376006B4D94 /* TableExamplesDataSource.m */; };
		06C9158D1B31A44E006B4D94 /* TablePlayground.m in Sources */ = {isa = PBXBuildFile; fileRef = 06C9158C1B31A44E006B4D94 /* TablePlayground.m */; };
		06C915911B31A476006B4D94 /* TablePlaygroundCommand.m in Sources */ = {isa = PBXBuildFile; fileRef = 06C915901B31A476006B4D94 /* TablePlaygroundCommand.m */; };
		06C915951B31A646006B4D94 /* TablePlaygroundViewController.m in Sources */ = {isa = PBXBuildFile; fileRef = 06C915941B31A646006B4D94 /* TablePlaygroundViewController.m */; };
		06C9159C1B31A6CC006B4D94 /* TablePlaygroundDataSource.m in Sources */ = {isa = PBXBuildFile; fileRef = 06C9159B1B31A6CC006B4D94 /* TablePlaygroundDataSource.m */; };
		06C915A11B31AA4E006B4D94 /* CollectionExamplesViewController.m in Sources */ = {isa = PBXBuildFile; fileRef = 06C915A01B31AA4E006B4D94 /* CollectionExamplesViewController.m */; };
		06C915A61B31AA82006B4D94 /* CollectionExamplesDataSource.m in Sources */ = {isa = PBXBuildFile; fileRef = 06C915A51B31AA82006B4D94 /* CollectionExamplesDataSource.m */; };
		06C915B01B31ADEB006B4D94 /* CollectionExampleViewController.m in Sources */ = {isa = PBXBuildFile; fileRef = 06C915AF1B31ADEB006B4D94 /* CollectionExampleViewController.m */; };
		06C915B61B31AF30006B4D94 /* CollectionViewCell.m in Sources */ = {isa = PBXBuildFile; fileRef = 06C915B51B31AF30006B4D94 /* CollectionViewCell.m */; };
		06C915BA1B31B247006B4D94 /* CollectionSectionHeaderView.m in Sources */ = {isa = PBXBuildFile; fileRef = 06C915B91B31B247006B4D94 /* CollectionSectionHeaderView.m */; };
		06E735791B9AF8DC00F628CB /* PageViewController.m in Sources */ = {isa = PBXBuildFile; fileRef = 06E735781B9AF8DC00F628CB /* PageViewController.m */; };
		06E7357D1B9AF93E00F628CB /* PageDataSource.m in Sources */ = {isa = PBXBuildFile; fileRef = 06E7357C1B9AF93E00F628CB /* PageDataSource.m */; };
		06E735801B9B3C1100F628CB /* PageItemViewController.m in Sources */ = {isa = PBXBuildFile; fileRef = 06E7357F1B9B3C1100F628CB /* PageItemViewController.m */; };
		4899C46890BB1C25B329F6D8 /* libPods.a in Frameworks */ = {isa = PBXBuildFile; fileRef = C82181A8B8647E020A3326B7 /* libPods.a */; };
		53573B1C29C682A3B1B27834 /* libPods-MUKDataSourceTests.a in Frameworks */ = {isa = PBXBuildFile; fileRef = 9982A8D823E053383D66CE83 /* libPods-MUKDataSourceTests.a */; };
/* End PBXBuildFile section */

/* Begin PBXContainerItemProxy section */
		0683FA5D1B285EEF002C694B /* PBXContainerItemProxy */ = {
			isa = PBXContainerItemProxy;
			containerPortal = 0683FA381B285EEF002C694B /* Project object */;
			proxyType = 1;
			remoteGlobalIDString = 0683FA3F1B285EEF002C694B;
			remoteInfo = MUKDataSource;
		};
/* End PBXContainerItemProxy section */

/* Begin PBXFileReference section */
		063D4CE31B2F0443003BE629 /* MUKDataSourceContentSectionTests.m */ = {isa = PBXFileReference; fileEncoding = 4; lastKnownFileType = sourcecode.c.objc; path = MUKDataSourceContentSectionTests.m; sourceTree = "<group>"; };
		063D4CF81B30A893003BE629 /* BasicItem.h */ = {isa = PBXFileReference; fileEncoding = 4; lastKnownFileType = sourcecode.c.h; path = BasicItem.h; sourceTree = "<group>"; };
		063D4CF91B30A893003BE629 /* BasicItem.m */ = {isa = PBXFileReference; fileEncoding = 4; lastKnownFileType = sourcecode.c.objc; path = BasicItem.m; sourceTree = "<group>"; };
		06808E741B3742B800A3B374 /* MUKDataSourceTests.m */ = {isa = PBXFileReference; fileEncoding = 4; lastKnownFileType = sourcecode.c.objc; path = MUKDataSourceTests.m; sourceTree = "<group>"; };
		0683FA401B285EEF002C694B /* MUKDataSource.app */ = {isa = PBXFileReference; explicitFileType = wrapper.application; includeInIndex = 0; path = MUKDataSource.app; sourceTree = BUILT_PRODUCTS_DIR; };
		0683FA441B285EEF002C694B /* Info.plist */ = {isa = PBXFileReference; lastKnownFileType = text.plist.xml; path = Info.plist; sourceTree = "<group>"; };
		0683FA451B285EEF002C694B /* main.m */ = {isa = PBXFileReference; lastKnownFileType = sourcecode.c.objc; path = main.m; sourceTree = "<group>"; };
		0683FA511B285EEF002C694B /* Base */ = {isa = PBXFileReference; lastKnownFileType = file.storyboard; name = Base; path = Base.lproj/Main.storyboard; sourceTree = "<group>"; };
		0683FA531B285EEF002C694B /* Images.xcassets */ = {isa = PBXFileReference; lastKnownFileType = folder.assetcatalog; path = Images.xcassets; sourceTree = "<group>"; };
		0683FA561B285EEF002C694B /* Base */ = {isa = PBXFileReference; lastKnownFileType = file.xib; name = Base; path = Base.lproj/LaunchScreen.xib; sourceTree = "<group>"; };
		0683FA5C1B285EEF002C694B /* MUKDataSourceTests.xctest */ = {isa = PBXFileReference; explicitFileType = wrapper.cfbundle; includeInIndex = 0; path = MUKDataSourceTests.xctest; sourceTree = BUILT_PRODUCTS_DIR; };
		0683FA611B285EEF002C694B /* Info.plist */ = {isa = PBXFileReference; lastKnownFileType = text.plist.xml; path = Info.plist; sourceTree = "<group>"; };
		0683FA6F1B2D7952002C694B /* MUKDataSourceSectionedContentUpdateTests.m */ = {isa = PBXFileReference; fileEncoding = 4; lastKnownFileType = sourcecode.c.objc; path = MUKDataSourceSectionedContentUpdateTests.m; sourceTree = "<group>"; };
		0683FA731B2D9942002C694B /* AppDelegate.h */ = {isa = PBXFileReference; fileEncoding = 4; lastKnownFileType = sourcecode.c.h; path = AppDelegate.h; sourceTree = "<group>"; };
		0683FA741B2D9942002C694B /* AppDelegate.m */ = {isa = PBXFileReference; fileEncoding = 4; lastKnownFileType = sourcecode.c.objc; path = AppDelegate.m; sourceTree = "<group>"; };
		06C9154A1B3165F1006B4D94 /* MUKDataSourceTableUpdateTests.m */ = {isa = PBXFileReference; fileEncoding = 4; lastKnownFileType = sourcecode.c.objc; path = MUKDataSourceTableUpdateTests.m; sourceTree = "<group>"; };
		06C9154C1B316D08006B4D94 /* MUKDataSourceCollectionUpdateTests.m */ = {isa = PBXFileReference; fileEncoding = 4; lastKnownFileType = sourcecode.c.objc; path = MUKDataSourceCollectionUpdateTests.m; sourceTree = "<group>"; };
		06C915501B3197A6006B4D94 /* SectionedContentExample.h */ = {isa = PBXFileReference; fileEncoding = 4; lastKnownFileType = sourcecode.c.h; path = SectionedContentExample.h; sourceTree = "<group>"; };
		06C915511B3197A6006B4D94 /* SectionedContentExample.m */ = {isa = PBXFileReference; fileEncoding = 4; lastKnownFileType = sourcecode.c.objc; path = SectionedContentExample.m; sourceTree = "<group>"; };
		06C915541B319842006B4D94 /* Example.h */ = {isa = PBXFileReference; fileEncoding = 4; lastKnownFileType = sourcecode.c.h; path = Example.h; sourceTree = "<group>"; };
		06C915551B319842006B4D94 /* Example.m */ = {isa = PBXFileReference; fileEncoding = 4; lastKnownFileType = sourcecode.c.objc; path = Example.m; sourceTree = "<group>"; };
		06C915591B3198C5006B4D94 /* SectionedContentExamplesViewController.h */ = {isa = PBXFileReference; fileEncoding = 4; lastKnownFileType = sourcecode.c.h; path = SectionedContentExamplesViewController.h; sourceTree = "<group>"; };
		06C9155A1B3198C5006B4D94 /* SectionedContentExamplesViewController.m */ = {isa = PBXFileReference; fileEncoding = 4; lastKnownFileType = sourcecode.c.objc; path = SectionedContentExamplesViewController.m; sourceTree = "<group>"; };
		06C9155F1B319907006B4D94 /* SectionedContentExamplesDataSource.h */ = {isa = PBXFileReference; fileEncoding = 4; lastKnownFileType = sourcecode.c.h; path = SectionedContentExamplesDataSource.h; sourceTree = "<group>"; };
		06C915601B319907006B4D94 /* SectionedContentExamplesDataSource.m */ = {isa = PBXFileReference; fileEncoding = 4; lastKnownFileType = sourcecode.c.objc; path = SectionedContentExamplesDataSource.m; sourceTree = "<group>"; };
		06C915631B319AD8006B4D94 /* SectionedContentExampleViewController.h */ = {isa = PBXFileReference; fileEncoding = 4; lastKnownFileType = sourcecode.c.h; path = SectionedContentExampleViewController.h; sourceTree = "<group>"; };
		06C915641B319BF9006B4D94 /* ExampleViewController.h */ = {isa = PBXFileReference; fileEncoding = 4; lastKnownFileType = sourcecode.c.h; path = ExampleViewController.h; sourceTree = "<group>"; };
		06C9156E1B319F58006B4D94 /* Item.h */ = {isa = PBXFileReference; fileEncoding = 4; lastKnownFileType = sourcecode.c.h; path = Item.h; sourceTree = "<group>"; };
		06C9156F1B319F58006B4D94 /* Item.m */ = {isa = PBXFileReference; fileEncoding = 4; lastKnownFileType = sourcecode.c.objc; path = Item.m; sourceTree = "<group>"; };
		06C915721B31A0AE006B4D94 /* TableExamplesViewController.h */ = {isa = PBXFileReference; fileEncoding = 4; lastKnownFileType = sourcecode.c.h; path = TableExamplesViewController.h; sourceTree = "<group>"; };
		06C915731B31A0AE006B4D94 /* TableExamplesViewController.m */ = {isa = PBXFileReference; fileEncoding = 4; lastKnownFileType = sourcecode.c.objc; path = TableExamplesViewController.m; sourceTree = "<group>"; };
		06C915761B31A0D6006B4D94 /* TableExampleViewController.h */ = {isa = PBXFileReference; fileEncoding = 4; lastKnownFileType = sourcecode.c.h; path = TableExampleViewController.h; sourceTree = "<group>"; };
		06C915771B31A0D6006B4D94 /* TableExampleViewController.m */ = {isa = PBXFileReference; fileEncoding = 4; lastKnownFileType = sourcecode.c.objc; path = TableExampleViewController.m; sourceTree = "<group>"; };
		06C9157E1B31A240006B4D94 /* TitlesDataSource.h */ = {isa = PBXFileReference; fileEncoding = 4; lastKnownFileType = sourcecode.c.h; path = TitlesDataSource.h; sourceTree = "<group>"; };
		06C9157F1B31A240006B4D94 /* TitlesDataSource.m */ = {isa = PBXFileReference; fileEncoding = 4; lastKnownFileType = sourcecode.c.objc; path = TitlesDataSource.m; sourceTree = "<group>"; };
		06C915821B31A376006B4D94 /* TableExamplesDataSource.h */ = {isa = PBXFileReference; fileEncoding = 4; lastKnownFileType = sourcecode.c.h; path = TableExamplesDataSource.h; sourceTree = "<group>"; };
		06C915831B31A376006B4D94 /* TableExamplesDataSource.m */ = {isa = PBXFileReference; fileEncoding = 4; lastKnownFileType = sourcecode.c.objc; path = TableExamplesDataSource.m; sourceTree = "<group>"; };
		06C9158B1B31A44E006B4D94 /* TablePlayground.h */ = {isa = PBXFileReference; fileEncoding = 4; lastKnownFileType = sourcecode.c.h; path = TablePlayground.h; sourceTree = "<group>"; };
		06C9158C1B31A44E006B4D94 /* TablePlayground.m */ = {isa = PBXFileReference; fileEncoding = 4; lastKnownFileType = sourcecode.c.objc; path = TablePlayground.m; sourceTree = "<group>"; };
		06C9158F1B31A476006B4D94 /* TablePlaygroundCommand.h */ = {isa = PBXFileReference; fileEncoding = 4; lastKnownFileType = sourcecode.c.h; path = TablePlaygroundCommand.h; sourceTree = "<group>"; };
		06C915901B31A476006B4D94 /* TablePlaygroundCommand.m */ = {isa = PBXFileReference; fileEncoding = 4; lastKnownFileType = sourcecode.c.objc; path = TablePlaygroundCommand.m; sourceTree = "<group>"; };
		06C915931B31A646006B4D94 /* TablePlaygroundViewController.h */ = {isa = PBXFileReference; fileEncoding = 4; lastKnownFileType = sourcecode.c.h; path = TablePlaygroundViewController.h; sourceTree = "<group>"; };
		06C915941B31A646006B4D94 /* TablePlaygroundViewController.m */ = {isa = PBXFileReference; fileEncoding = 4; lastKnownFileType = sourcecode.c.objc; path = TablePlaygroundViewController.m; sourceTree = "<group>"; };
		06C9159A1B31A6CC006B4D94 /* TablePlaygroundDataSource.h */ = {isa = PBXFileReference; fileEncoding = 4; lastKnownFileType = sourcecode.c.h; path = TablePlaygroundDataSource.h; sourceTree = "<group>"; };
		06C9159B1B31A6CC006B4D94 /* TablePlaygroundDataSource.m */ = {isa = PBXFileReference; fileEncoding = 4; lastKnownFileType = sourcecode.c.objc; path = TablePlaygroundDataSource.m; sourceTree = "<group>"; };
		06C9159F1B31AA4E006B4D94 /* CollectionExamplesViewController.h */ = {isa = PBXFileReference; fileEncoding = 4; lastKnownFileType = sourcecode.c.h; path = CollectionExamplesViewController.h; sourceTree = "<group>"; };
		06C915A01B31AA4E006B4D94 /* CollectionExamplesViewController.m */ = {isa = PBXFileReference; fileEncoding = 4; lastKnownFileType = sourcecode.c.objc; path = CollectionExamplesViewController.m; sourceTree = "<group>"; };
		06C915A41B31AA82006B4D94 /* CollectionExamplesDataSource.h */ = {isa = PBXFileReference; fileEncoding = 4; lastKnownFileType = sourcecode.c.h; path = CollectionExamplesDataSource.h; sourceTree = "<group>"; };
		06C915A51B31AA82006B4D94 /* CollectionExamplesDataSource.m */ = {isa = PBXFileReference; fileEncoding = 4; lastKnownFileType = sourcecode.c.objc; path = CollectionExamplesDataSource.m; sourceTree = "<group>"; };
		06C915AE1B31ADEB006B4D94 /* CollectionExampleViewController.h */ = {isa = PBXFileReference; fileEncoding = 4; lastKnownFileType = sourcecode.c.h; path = CollectionExampleViewController.h; sourceTree = "<group>"; };
		06C915AF1B31ADEB006B4D94 /* CollectionExampleViewController.m */ = {isa = PBXFileReference; fileEncoding = 4; lastKnownFileType = sourcecode.c.objc; path = CollectionExampleViewController.m; sourceTree = "<group>"; };
		06C915B41B31AF30006B4D94 /* CollectionViewCell.h */ = {isa = PBXFileReference; fileEncoding = 4; lastKnownFileType = sourcecode.c.h; path = CollectionViewCell.h; sourceTree = "<group>"; };
		06C915B51B31AF30006B4D94 /* CollectionViewCell.m */ = {isa = PBXFileReference; fileEncoding = 4; lastKnownFileType = sourcecode.c.objc; path = CollectionViewCell.m; sourceTree = "<group>"; };
		06C915B81B31B247006B4D94 /* CollectionSectionHeaderView.h */ = {isa = PBXFileReference; fileEncoding = 4; lastKnownFileType = sourcecode.c.h; path = CollectionSectionHeaderView.h; sourceTree = "<group>"; };
		06C915B91B31B247006B4D94 /* CollectionSectionHeaderView.m */ = {isa = PBXFileReference; fileEncoding = 4; lastKnownFileType = sourcecode.c.objc; path = CollectionSectionHeaderView.m; sourceTree = "<group>"; };
		06E735771B9AF8DC00F628CB /* PageViewController.h */ = {isa = PBXFileReference; fileEncoding = 4; lastKnownFileType = sourcecode.c.h; path = PageViewController.h; sourceTree = "<group>"; };
		06E735781B9AF8DC00F628CB /* PageViewController.m */ = {isa = PBXFileReference; fileEncoding = 4; lastKnownFileType = sourcecode.c.objc; path = PageViewController.m; sourceTree = "<group>"; };
		06E7357B1B9AF93E00F628CB /* PageDataSource.h */ = {isa = PBXFileReference; fileEncoding = 4; lastKnownFileType = sourcecode.c.h; path = PageDataSource.h; sourceTree = "<group>"; };
		06E7357C1B9AF93E00F628CB /* PageDataSource.m */ = {isa = PBXFileReference; fileEncoding = 4; lastKnownFileType = sourcecode.c.objc; path = PageDataSource.m; sourceTree = "<group>"; };
		06E7357E1B9B3C1100F628CB /* PageItemViewController.h */ = {isa = PBXFileReference; fileEncoding = 4; lastKnownFileType = sourcecode.c.h; path = PageItemViewController.h; sourceTree = "<group>"; };
		06E7357F1B9B3C1100F628CB /* PageItemViewController.m */ = {isa = PBXFileReference; fileEncoding = 4; lastKnownFileType = sourcecode.c.objc; path = PageItemViewController.m; sourceTree = "<group>"; };
		15726E95C35402D1C5289608 /* Pods.release.xcconfig */ = {isa = PBXFileReference; includeInIndex = 1; lastKnownFileType = text.xcconfig; name = Pods.release.xcconfig; path = "Pods/Target Support Files/Pods/Pods.release.xcconfig"; sourceTree = "<group>"; };
		9982A8D823E053383D66CE83 /* libPods-MUKDataSourceTests.a */ = {isa = PBXFileReference; explicitFileType = archive.ar; includeInIndex = 0; path = "libPods-MUKDataSourceTests.a"; sourceTree = BUILT_PRODUCTS_DIR; };
		AA921ACB481F431EC205FE74 /* Pods.debug.xcconfig */ = {isa = PBXFileReference; includeInIndex = 1; lastKnownFileType = text.xcconfig; name = Pods.debug.xcconfig; path = "Pods/Target Support Files/Pods/Pods.debug.xcconfig"; sourceTree = "<group>"; };
		C82181A8B8647E020A3326B7 /* libPods.a */ = {isa = PBXFileReference; explicitFileType = archive.ar; includeInIndex = 0; path = libPods.a; sourceTree = BUILT_PRODUCTS_DIR; };
		CA7C24DB43B53D479DF5BCCE /* Pods-MUKDataSourceTests.debug.xcconfig */ = {isa = PBXFileReference; includeInIndex = 1; lastKnownFileType = text.xcconfig; name = "Pods-MUKDataSourceTests.debug.xcconfig"; path = "Pods/Target Support Files/Pods-MUKDataSourceTests/Pods-MUKDataSourceTests.debug.xcconfig"; sourceTree = "<group>"; };
		D8AFC8EF2A2C187BC2F095B2 /* Pods-MUKDataSourceTests.release.xcconfig */ = {isa = PBXFileReference; includeInIndex = 1; lastKnownFileType = text.xcconfig; name = "Pods-MUKDataSourceTests.release.xcconfig"; path = "Pods/Target Support Files/Pods-MUKDataSourceTests/Pods-MUKDataSourceTests.release.xcconfig"; sourceTree = "<group>"; };
/* End PBXFileReference section */

/* Begin PBXFrameworksBuildPhase section */
		0683FA3D1B285EEF002C694B /* Frameworks */ = {
			isa = PBXFrameworksBuildPhase;
			buildActionMask = 2147483647;
			files = (
				4899C46890BB1C25B329F6D8 /* libPods.a in Frameworks */,
			);
			runOnlyForDeploymentPostprocessing = 0;
		};
		0683FA591B285EEF002C694B /* Frameworks */ = {
			isa = PBXFrameworksBuildPhase;
			buildActionMask = 2147483647;
			files = (
				53573B1C29C682A3B1B27834 /* libPods-MUKDataSourceTests.a in Frameworks */,
			);
			runOnlyForDeploymentPostprocessing = 0;
		};
/* End PBXFrameworksBuildPhase section */

/* Begin PBXGroup section */
		0683FA371B285EEF002C694B = {
			isa = PBXGroup;
			children = (
				0683FA421B285EEF002C694B /* App */,
				0683FA5F1B285EEF002C694B /* Tests */,
				0683FA411B285EEF002C694B /* Products */,
				1399B1FBCD64F5A7A447DFC0 /* Pods */,
				EF4DD3EF43B7B60451AE6549 /* Frameworks */,
			);
			sourceTree = "<group>";
		};
		0683FA411B285EEF002C694B /* Products */ = {
			isa = PBXGroup;
			children = (
				0683FA401B285EEF002C694B /* MUKDataSource.app */,
				0683FA5C1B285EEF002C694B /* MUKDataSourceTests.xctest */,
			);
			name = Products;
			sourceTree = "<group>";
		};
		0683FA421B285EEF002C694B /* App */ = {
			isa = PBXGroup;
			children = (
				0683FA711B2D9942002C694B /* Classes */,
				0683FA501B285EEF002C694B /* Main.storyboard */,
				0683FA531B285EEF002C694B /* Images.xcassets */,
				0683FA551B285EEF002C694B /* LaunchScreen.xib */,
				0683FA431B285EEF002C694B /* Supporting Files */,
			);
			name = App;
			path = MUKDataSource;
			sourceTree = "<group>";
		};
		0683FA431B285EEF002C694B /* Supporting Files */ = {
			isa = PBXGroup;
			children = (
				0683FA441B285EEF002C694B /* Info.plist */,
				0683FA451B285EEF002C694B /* main.m */,
			);
			name = "Supporting Files";
			sourceTree = "<group>";
		};
		0683FA5F1B285EEF002C694B /* Tests */ = {
			isa = PBXGroup;
			children = (
				06808E741B3742B800A3B374 /* MUKDataSourceTests.m */,
				063D4CE31B2F0443003BE629 /* MUKDataSourceContentSectionTests.m */,
				0683FA6F1B2D7952002C694B /* MUKDataSourceSectionedContentUpdateTests.m */,
				06C9154A1B3165F1006B4D94 /* MUKDataSourceTableUpdateTests.m */,
				06C9154C1B316D08006B4D94 /* MUKDataSourceCollectionUpdateTests.m */,
				0683FA601B285EEF002C694B /* Supporting Files */,
				063D4CF81B30A893003BE629 /* BasicItem.h */,
				063D4CF91B30A893003BE629 /* BasicItem.m */,
			);
			name = Tests;
			path = MUKDataSourceTests;
			sourceTree = "<group>";
		};
		0683FA601B285EEF002C694B /* Supporting Files */ = {
			isa = PBXGroup;
			children = (
				0683FA611B285EEF002C694B /* Info.plist */,
			);
			name = "Supporting Files";
			sourceTree = "<group>";
		};
		0683FA711B2D9942002C694B /* Classes */ = {
			isa = PBXGroup;
			children = (
				0683FA721B2D9942002C694B /* App Delegate */,
				06C915621B319AB5006B4D94 /* Protocols */,
				06C9154E1B31978D006B4D94 /* Model */,
				06C9155D1B3198F0006B4D94 /* Data Sources */,
				06C915571B31989C006B4D94 /* View Controllers */,
				06C915B11B31AF1E006B4D94 /* Views */,
			);
			path = Classes;
			sourceTree = "<group>";
		};
		0683FA721B2D9942002C694B /* App Delegate */ = {
			isa = PBXGroup;
			children = (
				0683FA731B2D9942002C694B /* AppDelegate.h */,
				0683FA741B2D9942002C694B /* AppDelegate.m */,
			);
			path = "App Delegate";
			sourceTree = "<group>";
		};
		06C9154E1B31978D006B4D94 /* Model */ = {
			isa = PBXGroup;
			children = (
				06C9156D1B319F4C006B4D94 /* Item */,
				06C915531B319836006B4D94 /* Example */,
				06C9154F1B31978D006B4D94 /* Sectioned Content Example */,
				06C915891B31A442006B4D94 /* Table */,
			);
			path = Model;
			sourceTree = "<group>";
		};
		06C9154F1B31978D006B4D94 /* Sectioned Content Example */ = {
			isa = PBXGroup;
			children = (
				06C915501B3197A6006B4D94 /* SectionedContentExample.h */,
				06C915511B3197A6006B4D94 /* SectionedContentExample.m */,
			);
			path = "Sectioned Content Example";
			sourceTree = "<group>";
		};
		06C915531B319836006B4D94 /* Example */ = {
			isa = PBXGroup;
			children = (
				06C915541B319842006B4D94 /* Example.h */,
				06C915551B319842006B4D94 /* Example.m */,
			);
			path = Example;
			sourceTree = "<group>";
		};
		06C915571B31989C006B4D94 /* View Controllers */ = {
			isa = PBXGroup;
			children = (
				06C915581B3198B2006B4D94 /* Sectioned Content Examples */,
				06C915651B319DB4006B4D94 /* Table */,
				06C9159D1B31A9DD006B4D94 /* Collection */,
				06E735761B9AF8C100F628CB /* Page */,
			);
			path = "View Controllers";
			sourceTree = "<group>";
		};
		06C915581B3198B2006B4D94 /* Sectioned Content Examples */ = {
			isa = PBXGroup;
			children = (
				06C915591B3198C5006B4D94 /* SectionedContentExamplesViewController.h */,
				06C9155A1B3198C5006B4D94 /* SectionedContentExamplesViewController.m */,
			);
			path = "Sectioned Content Examples";
			sourceTree = "<group>";
		};
		06C9155D1B3198F0006B4D94 /* Data Sources */ = {
			isa = PBXGroup;
			children = (
				06C9157D1B31A240006B4D94 /* Titles */,
				06C9155E1B3198F0006B4D94 /* Sectioned Content Examples */,
				06C915691B319E35006B4D94 /* Table */,
				06C915A21B31AA69006B4D94 /* Collection */,
				06E7357A1B9AF92A00F628CB /* Page */,
			);
			path = "Data Sources";
			sourceTree = "<group>";
		};
		06C9155E1B3198F0006B4D94 /* Sectioned Content Examples */ = {
			isa = PBXGroup;
			children = (
				06C9155F1B319907006B4D94 /* SectionedContentExamplesDataSource.h */,
				06C915601B319907006B4D94 /* SectionedContentExamplesDataSource.m */,
			);
			path = "Sectioned Content Examples";
			sourceTree = "<group>";
		};
		06C915621B319AB5006B4D94 /* Protocols */ = {
			isa = PBXGroup;
			children = (
				06C915641B319BF9006B4D94 /* ExampleViewController.h */,
				06C915631B319AD8006B4D94 /* SectionedContentExampleViewController.h */,
			);
			path = Protocols;
			sourceTree = "<group>";
		};
		06C915651B319DB4006B4D94 /* Table */ = {
			isa = PBXGroup;
			children = (
				06C915711B31A0AE006B4D94 /* Examples */,
				06C915751B31A0C2006B4D94 /* Example */,
				06C915921B31A62F006B4D94 /* Playground */,
			);
			path = Table;
			sourceTree = "<group>";
		};
		06C915691B319E35006B4D94 /* Table */ = {
			isa = PBXGroup;
			children = (
				06C915811B31A376006B4D94 /* Examples */,
				06C915991B31A6C5006B4D94 /* Playground */,
			);
			path = Table;
			sourceTree = "<group>";
		};
		06C9156D1B319F4C006B4D94 /* Item */ = {
			isa = PBXGroup;
			children = (
				06C9156E1B319F58006B4D94 /* Item.h */,
				06C9156F1B319F58006B4D94 /* Item.m */,
			);
			path = Item;
			sourceTree = "<group>";
		};
		06C915711B31A0AE006B4D94 /* Examples */ = {
			isa = PBXGroup;
			children = (
				06C915721B31A0AE006B4D94 /* TableExamplesViewController.h */,
				06C915731B31A0AE006B4D94 /* TableExamplesViewController.m */,
			);
			path = Examples;
			sourceTree = "<group>";
		};
		06C915751B31A0C2006B4D94 /* Example */ = {
			isa = PBXGroup;
			children = (
				06C915761B31A0D6006B4D94 /* TableExampleViewController.h */,
				06C915771B31A0D6006B4D94 /* TableExampleViewController.m */,
			);
			path = Example;
			sourceTree = "<group>";
		};
		06C9157D1B31A240006B4D94 /* Titles */ = {
			isa = PBXGroup;
			children = (
				06C9157E1B31A240006B4D94 /* TitlesDataSource.h */,
				06C9157F1B31A240006B4D94 /* TitlesDataSource.m */,
			);
			path = Titles;
			sourceTree = "<group>";
		};
		06C915811B31A376006B4D94 /* Examples */ = {
			isa = PBXGroup;
			children = (
				06C915821B31A376006B4D94 /* TableExamplesDataSource.h */,
				06C915831B31A376006B4D94 /* TableExamplesDataSource.m */,
			);
			path = Examples;
			sourceTree = "<group>";
		};
		06C915891B31A442006B4D94 /* Table */ = {
			isa = PBXGroup;
			children = (
				06C9158A1B31A442006B4D94 /* Playground */,
			);
			path = Table;
			sourceTree = "<group>";
		};
		06C9158A1B31A442006B4D94 /* Playground */ = {
			isa = PBXGroup;
			children = (
				06C9158E1B31A467006B4D94 /* Command */,
				06C9158B1B31A44E006B4D94 /* TablePlayground.h */,
				06C9158C1B31A44E006B4D94 /* TablePlayground.m */,
			);
			path = Playground;
			sourceTree = "<group>";
		};
		06C9158E1B31A467006B4D94 /* Command */ = {
			isa = PBXGroup;
			children = (
				06C9158F1B31A476006B4D94 /* TablePlaygroundCommand.h */,
				06C915901B31A476006B4D94 /* TablePlaygroundCommand.m */,
			);
			name = Command;
			path = MUKDataSource/Classes/Model/Table/Command;
			sourceTree = SOURCE_ROOT;
		};
		06C915921B31A62F006B4D94 /* Playground */ = {
			isa = PBXGroup;
			children = (
				06C915931B31A646006B4D94 /* TablePlaygroundViewController.h */,
				06C915941B31A646006B4D94 /* TablePlaygroundViewController.m */,
			);
			path = Playground;
			sourceTree = "<group>";
		};
		06C915991B31A6C5006B4D94 /* Playground */ = {
			isa = PBXGroup;
			children = (
				06C9159A1B31A6CC006B4D94 /* TablePlaygroundDataSource.h */,
				06C9159B1B31A6CC006B4D94 /* TablePlaygroundDataSource.m */,
			);
			path = Playground;
			sourceTree = "<group>";
		};
		06C9159D1B31A9DD006B4D94 /* Collection */ = {
			isa = PBXGroup;
			children = (
				06C9159E1B31AA38006B4D94 /* Examples */,
				06C915AD1B31AD66006B4D94 /* Example */,
			);
			path = Collection;
			sourceTree = "<group>";
		};
		06C9159E1B31AA38006B4D94 /* Examples */ = {
			isa = PBXGroup;
			children = (
				06C9159F1B31AA4E006B4D94 /* CollectionExamplesViewController.h */,
				06C915A01B31AA4E006B4D94 /* CollectionExamplesViewController.m */,
			);
			path = Examples;
			sourceTree = "<group>";
		};
		06C915A21B31AA69006B4D94 /* Collection */ = {
			isa = PBXGroup;
			children = (
				06C915A31B31AA69006B4D94 /* Examples */,
			);
			path = Collection;
			sourceTree = "<group>";
		};
		06C915A31B31AA69006B4D94 /* Examples */ = {
			isa = PBXGroup;
			children = (
				06C915A41B31AA82006B4D94 /* CollectionExamplesDataSource.h */,
				06C915A51B31AA82006B4D94 /* CollectionExamplesDataSource.m */,
			);
			path = Examples;
			sourceTree = "<group>";
		};
		06C915AD1B31AD66006B4D94 /* Example */ = {
			isa = PBXGroup;
			children = (
				06C915AE1B31ADEB006B4D94 /* CollectionExampleViewController.h */,
				06C915AF1B31ADEB006B4D94 /* CollectionExampleViewController.m */,
			);
			path = Example;
			sourceTree = "<group>";
		};
		06C915B11B31AF1E006B4D94 /* Views */ = {
			isa = PBXGroup;
			children = (
				06C915B21B31AF1E006B4D94 /* Collection */,
			);
			path = Views;
			sourceTree = "<group>";
		};
		06C915B21B31AF1E006B4D94 /* Collection */ = {
			isa = PBXGroup;
			children = (
				06C915B31B31AF1E006B4D94 /* Cell */,
				06C915B71B31B234006B4D94 /* Section Header */,
			);
			path = Collection;
			sourceTree = "<group>";
		};
		06C915B31B31AF1E006B4D94 /* Cell */ = {
			isa = PBXGroup;
			children = (
				06C915B41B31AF30006B4D94 /* CollectionViewCell.h */,
				06C915B51B31AF30006B4D94 /* CollectionViewCell.m */,
			);
			path = Cell;
			sourceTree = "<group>";
		};
		06C915B71B31B234006B4D94 /* Section Header */ = {
			isa = PBXGroup;
			children = (
				06C915B81B31B247006B4D94 /* CollectionSectionHeaderView.h */,
				06C915B91B31B247006B4D94 /* CollectionSectionHeaderView.m */,
			);
			path = "Section Header";
			sourceTree = "<group>";
		};
		06E735761B9AF8C100F628CB /* Page */ = {
			isa = PBXGroup;
			children = (
				06E7357E1B9B3C1100F628CB /* PageItemViewController.h */,
				06E7357F1B9B3C1100F628CB /* PageItemViewController.m */,
				06E735771B9AF8DC00F628CB /* PageViewController.h */,
				06E735781B9AF8DC00F628CB /* PageViewController.m */,
			);
			path = Page;
			sourceTree = "<group>";
		};
		06E7357A1B9AF92A00F628CB /* Page */ = {
			isa = PBXGroup;
			children = (
				06E7357B1B9AF93E00F628CB /* PageDataSource.h */,
				06E7357C1B9AF93E00F628CB /* PageDataSource.m */,
			);
			path = Page;
			sourceTree = "<group>";
		};
		1399B1FBCD64F5A7A447DFC0 /* Pods */ = {
			isa = PBXGroup;
			children = (
				AA921ACB481F431EC205FE74 /* Pods.debug.xcconfig */,
				15726E95C35402D1C5289608 /* Pods.release.xcconfig */,
				CA7C24DB43B53D479DF5BCCE /* Pods-MUKDataSourceTests.debug.xcconfig */,
				D8AFC8EF2A2C187BC2F095B2 /* Pods-MUKDataSourceTests.release.xcconfig */,
			);
			name = Pods;
			sourceTree = "<group>";
		};
		EF4DD3EF43B7B60451AE6549 /* Frameworks */ = {
			isa = PBXGroup;
			children = (
				C82181A8B8647E020A3326B7 /* libPods.a */,
				9982A8D823E053383D66CE83 /* libPods-MUKDataSourceTests.a */,
			);
			name = Frameworks;
			sourceTree = "<group>";
		};
/* End PBXGroup section */

/* Begin PBXNativeTarget section */
		0683FA3F1B285EEF002C694B /* MUKDataSource */ = {
			isa = PBXNativeTarget;
			buildConfigurationList = 0683FA661B285EEF002C694B /* Build configuration list for PBXNativeTarget "MUKDataSource" */;
			buildPhases = (
				E753BE73AF29445BCCB50AFC /* Check Pods Manifest.lock */,
				0683FA3C1B285EEF002C694B /* Sources */,
				0683FA3D1B285EEF002C694B /* Frameworks */,
				0683FA3E1B285EEF002C694B /* Resources */,
				7FA9EBC5D90168A8A647B2C1 /* Copy Pods Resources */,
			);
			buildRules = (
			);
			dependencies = (
			);
			name = MUKDataSource;
			productName = MUKDataSource;
			productReference = 0683FA401B285EEF002C694B /* MUKDataSource.app */;
			productType = "com.apple.product-type.application";
		};
		0683FA5B1B285EEF002C694B /* MUKDataSourceTests */ = {
			isa = PBXNativeTarget;
			buildConfigurationList = 0683FA691B285EEF002C694B /* Build configuration list for PBXNativeTarget "MUKDataSourceTests" */;
			buildPhases = (
				2A20B84DED5547867D303931 /* Check Pods Manifest.lock */,
				0683FA581B285EEF002C694B /* Sources */,
				0683FA591B285EEF002C694B /* Frameworks */,
				0683FA5A1B285EEF002C694B /* Resources */,
				AB8A4F2AE82DB605C858FF4C /* Copy Pods Resources */,
			);
			buildRules = (
			);
			dependencies = (
				0683FA5E1B285EEF002C694B /* PBXTargetDependency */,
			);
			name = MUKDataSourceTests;
			productName = MUKDataSourceTests;
			productReference = 0683FA5C1B285EEF002C694B /* MUKDataSourceTests.xctest */;
			productType = "com.apple.product-type.bundle.unit-test";
		};
/* End PBXNativeTarget section */

/* Begin PBXProject section */
		0683FA381B285EEF002C694B /* Project object */ = {
			isa = PBXProject;
			attributes = {
				LastUpgradeCheck = 0620;
				ORGANIZATIONNAME = MUKit;
				TargetAttributes = {
					0683FA3F1B285EEF002C694B = {
						CreatedOnToolsVersion = 6.2;
					};
					0683FA5B1B285EEF002C694B = {
						CreatedOnToolsVersion = 6.2;
						TestTargetID = 0683FA3F1B285EEF002C694B;
					};
				};
			};
			buildConfigurationList = 0683FA3B1B285EEF002C694B /* Build configuration list for PBXProject "MUKDataSource" */;
			compatibilityVersion = "Xcode 3.2";
			developmentRegion = English;
			hasScannedForEncodings = 0;
			knownRegions = (
				en,
				Base,
			);
			mainGroup = 0683FA371B285EEF002C694B;
			productRefGroup = 0683FA411B285EEF002C694B /* Products */;
			projectDirPath = "";
			projectRoot = "";
			targets = (
				0683FA3F1B285EEF002C694B /* MUKDataSource */,
				0683FA5B1B285EEF002C694B /* MUKDataSourceTests */,
			);
		};
/* End PBXProject section */

/* Begin PBXResourcesBuildPhase section */
		0683FA3E1B285EEF002C694B /* Resources */ = {
			isa = PBXResourcesBuildPhase;
			buildActionMask = 2147483647;
			files = (
				0683FA521B285EEF002C694B /* Main.storyboard in Resources */,
				0683FA571B285EEF002C694B /* LaunchScreen.xib in Resources */,
				0683FA541B285EEF002C694B /* Images.xcassets in Resources */,
			);
			runOnlyForDeploymentPostprocessing = 0;
		};
		0683FA5A1B285EEF002C694B /* Resources */ = {
			isa = PBXResourcesBuildPhase;
			buildActionMask = 2147483647;
			files = (
			);
			runOnlyForDeploymentPostprocessing = 0;
		};
/* End PBXResourcesBuildPhase section */

/* Begin PBXShellScriptBuildPhase section */
		2A20B84DED5547867D303931 /* Check Pods Manifest.lock */ = {
			isa = PBXShellScriptBuildPhase;
			buildActionMask = 2147483647;
			files = (
			);
			inputPaths = (
			);
			name = "Check Pods Manifest.lock";
			outputPaths = (
			);
			runOnlyForDeploymentPostprocessing = 0;
			shellPath = /bin/sh;
			shellScript = "diff \"${PODS_ROOT}/../Podfile.lock\" \"${PODS_ROOT}/Manifest.lock\" > /dev/null\nif [[ $? != 0 ]] ; then\n    cat << EOM\nerror: The sandbox is not in sync with the Podfile.lock. Run 'pod install' or update your CocoaPods installation.\nEOM\n    exit 1\nfi\n";
			showEnvVarsInLog = 0;
		};
		7FA9EBC5D90168A8A647B2C1 /* Copy Pods Resources */ = {
			isa = PBXShellScriptBuildPhase;
			buildActionMask = 2147483647;
			files = (
			);
			inputPaths = (
			);
			name = "Copy Pods Resources";
			outputPaths = (
			);
			runOnlyForDeploymentPostprocessing = 0;
			shellPath = /bin/sh;
			shellScript = "\"${SRCROOT}/Pods/Target Support Files/Pods/Pods-resources.sh\"\n";
			showEnvVarsInLog = 0;
		};
		AB8A4F2AE82DB605C858FF4C /* Copy Pods Resources */ = {
			isa = PBXShellScriptBuildPhase;
			buildActionMask = 2147483647;
			files = (
			);
			inputPaths = (
			);
			name = "Copy Pods Resources";
			outputPaths = (
			);
			runOnlyForDeploymentPostprocessing = 0;
			shellPath = /bin/sh;
			shellScript = "\"${SRCROOT}/Pods/Target Support Files/Pods-MUKDataSourceTests/Pods-MUKDataSourceTests-resources.sh\"\n";
			showEnvVarsInLog = 0;
		};
		E753BE73AF29445BCCB50AFC /* Check Pods Manifest.lock */ = {
			isa = PBXShellScriptBuildPhase;
			buildActionMask = 2147483647;
			files = (
			);
			inputPaths = (
			);
			name = "Check Pods Manifest.lock";
			outputPaths = (
			);
			runOnlyForDeploymentPostprocessing = 0;
			shellPath = /bin/sh;
			shellScript = "diff \"${PODS_ROOT}/../Podfile.lock\" \"${PODS_ROOT}/Manifest.lock\" > /dev/null\nif [[ $? != 0 ]] ; then\n    cat << EOM\nerror: The sandbox is not in sync with the Podfile.lock. Run 'pod install' or update your CocoaPods installation.\nEOM\n    exit 1\nfi\n";
			showEnvVarsInLog = 0;
		};
/* End PBXShellScriptBuildPhase section */

/* Begin PBXSourcesBuildPhase section */
		0683FA3C1B285EEF002C694B /* Sources */ = {
			isa = PBXSourcesBuildPhase;
			buildActionMask = 2147483647;
			files = (
				06C915561B319842006B4D94 /* Example.m in Sources */,
				0683FA771B2D9942002C694B /* AppDelegate.m in Sources */,
				06C915951B31A646006B4D94 /* TablePlaygroundViewController.m in Sources */,
				06C915A61B31AA82006B4D94 /* CollectionExamplesDataSource.m in Sources */,
				06C915A11B31AA4E006B4D94 /* CollectionExamplesViewController.m in Sources */,
				06C915781B31A0D6006B4D94 /* TableExampleViewController.m in Sources */,
				06E735801B9B3C1100F628CB /* PageItemViewController.m in Sources */,
				0683FA461B285EEF002C694B /* main.m in Sources */,
				06E7357D1B9AF93E00F628CB /* PageDataSource.m in Sources */,
				06C915BA1B31B247006B4D94 /* CollectionSectionHeaderView.m in Sources */,
				06C9158D1B31A44E006B4D94 /* TablePlayground.m in Sources */,
				06C915911B31A476006B4D94 /* TablePlaygroundCommand.m in Sources */,
				06C915B61B31AF30006B4D94 /* CollectionViewCell.m in Sources */,
				06C9159C1B31A6CC006B4D94 /* TablePlaygroundDataSource.m in Sources */,
				06C915741B31A0AE006B4D94 /* TableExamplesViewController.m in Sources */,
				06C915B01B31ADEB006B4D94 /* CollectionExampleViewController.m in Sources */,
				06C915521B3197A6006B4D94 /* SectionedContentExample.m in Sources */,
				06C9155B1B3198C5006B4D94 /* SectionedContentExamplesViewController.m in Sources */,
				06C915701B319F58006B4D94 /* Item.m in Sources */,
				06C915611B319907006B4D94 /* SectionedContentExamplesDataSource.m in Sources */,
				06C915851B31A376006B4D94 /* TableExamplesDataSource.m in Sources */,
				06C915801B31A240006B4D94 /* TitlesDataSource.m in Sources */,
				06E735791B9AF8DC00F628CB /* PageViewController.m in Sources */,
			);
			runOnlyForDeploymentPostprocessing = 0;
		};
		0683FA581B285EEF002C694B /* Sources */ = {
			isa = PBXSourcesBuildPhase;
			buildActionMask = 2147483647;
			files = (
				063D4CE41B2F0443003BE629 /* MUKDataSourceContentSectionTests.m in Sources */,
				0683FA701B2D7952002C694B /* MUKDataSourceSectionedContentUpdateTests.m in Sources */,
				063D4CFA1B30A893003BE629 /* BasicItem.m in Sources */,
				06C9154D1B316D08006B4D94 /* MUKDataSourceCollectionUpdateTests.m in Sources */,
				06808E751B3742B800A3B374 /* MUKDataSourceTests.m in Sources */,
				06C9154B1B3165F1006B4D94 /* MUKDataSourceTableUpdateTests.m in Sources */,
			);
			runOnlyForDeploymentPostprocessing = 0;
		};
/* End PBXSourcesBuildPhase section */

/* Begin PBXTargetDependency section */
		0683FA5E1B285EEF002C694B /* PBXTargetDependency */ = {
			isa = PBXTargetDependency;
			target = 0683FA3F1B285EEF002C694B /* MUKDataSource */;
			targetProxy = 0683FA5D1B285EEF002C694B /* PBXContainerItemProxy */;
		};
/* End PBXTargetDependency section */

/* Begin PBXVariantGroup section */
		0683FA501B285EEF002C694B /* Main.storyboard */ = {
			isa = PBXVariantGroup;
			children = (
				0683FA511B285EEF002C694B /* Base */,
			);
			name = Main.storyboard;
			sourceTree = "<group>";
		};
		0683FA551B285EEF002C694B /* LaunchScreen.xib */ = {
			isa = PBXVariantGroup;
			children = (
				0683FA561B285EEF002C694B /* Base */,
			);
			name = LaunchScreen.xib;
			sourceTree = "<group>";
		};
/* End PBXVariantGroup section */

/* Begin XCBuildConfiguration section */
		0683FA641B285EEF002C694B /* Debug */ = {
			isa = XCBuildConfiguration;
			buildSettings = {
				ALWAYS_SEARCH_USER_PATHS = NO;
				CLANG_CXX_LANGUAGE_STANDARD = "gnu++0x";
				CLANG_CXX_LIBRARY = "libc++";
				CLANG_ENABLE_MODULES = YES;
				CLANG_ENABLE_OBJC_ARC = YES;
				CLANG_WARN_BOOL_CONVERSION = YES;
				CLANG_WARN_CONSTANT_CONVERSION = YES;
				CLANG_WARN_DIRECT_OBJC_ISA_USAGE = YES_ERROR;
				CLANG_WARN_EMPTY_BODY = YES;
				CLANG_WARN_ENUM_CONVERSION = YES;
				CLANG_WARN_INT_CONVERSION = YES;
				CLANG_WARN_OBJC_ROOT_CLASS = YES_ERROR;
				CLANG_WARN_UNREACHABLE_CODE = YES;
				CLANG_WARN__DUPLICATE_METHOD_MATCH = YES;
				"CODE_SIGN_IDENTITY[sdk=iphoneos*]" = "iPhone Developer";
				COPY_PHASE_STRIP = NO;
				ENABLE_STRICT_OBJC_MSGSEND = YES;
				GCC_C_LANGUAGE_STANDARD = gnu99;
				GCC_DYNAMIC_NO_PIC = NO;
				GCC_OPTIMIZATION_LEVEL = 0;
				GCC_PREPROCESSOR_DEFINITIONS = (
					"DEBUG=1",
					"$(inherited)",
				);
				GCC_SYMBOLS_PRIVATE_EXTERN = NO;
				GCC_WARN_64_TO_32_BIT_CONVERSION = YES;
				GCC_WARN_ABOUT_RETURN_TYPE = YES_ERROR;
				GCC_WARN_UNDECLARED_SELECTOR = YES;
				GCC_WARN_UNINITIALIZED_AUTOS = YES_AGGRESSIVE;
				GCC_WARN_UNUSED_FUNCTION = YES;
				GCC_WARN_UNUSED_VARIABLE = YES;
				IPHONEOS_DEPLOYMENT_TARGET = 8.2;
				MTL_ENABLE_DEBUG_INFO = YES;
				ONLY_ACTIVE_ARCH = YES;
				SDKROOT = iphoneos;
			};
			name = Debug;
		};
		0683FA651B285EEF002C694B /* Release */ = {
			isa = XCBuildConfiguration;
			buildSettings = {
				ALWAYS_SEARCH_USER_PATHS = NO;
				CLANG_CXX_LANGUAGE_STANDARD = "gnu++0x";
				CLANG_CXX_LIBRARY = "libc++";
				CLANG_ENABLE_MODULES = YES;
				CLANG_ENABLE_OBJC_ARC = YES;
				CLANG_WARN_BOOL_CONVERSION = YES;
				CLANG_WARN_CONSTANT_CONVERSION = YES;
				CLANG_WARN_DIRECT_OBJC_ISA_USAGE = YES_ERROR;
				CLANG_WARN_EMPTY_BODY = YES;
				CLANG_WARN_ENUM_CONVERSION = YES;
				CLANG_WARN_INT_CONVERSION = YES;
				CLANG_WARN_OBJC_ROOT_CLASS = YES_ERROR;
				CLANG_WARN_UNREACHABLE_CODE = YES;
				CLANG_WARN__DUPLICATE_METHOD_MATCH = YES;
				"CODE_SIGN_IDENTITY[sdk=iphoneos*]" = "iPhone Developer";
				COPY_PHASE_STRIP = NO;
				ENABLE_NS_ASSERTIONS = NO;
				ENABLE_STRICT_OBJC_MSGSEND = YES;
				GCC_C_LANGUAGE_STANDARD = gnu99;
				GCC_WARN_64_TO_32_BIT_CONVERSION = YES;
				GCC_WARN_ABOUT_RETURN_TYPE = YES_ERROR;
				GCC_WARN_UNDECLARED_SELECTOR = YES;
				GCC_WARN_UNINITIALIZED_AUTOS = YES_AGGRESSIVE;
				GCC_WARN_UNUSED_FUNCTION = YES;
				GCC_WARN_UNUSED_VARIABLE = YES;
				IPHONEOS_DEPLOYMENT_TARGET = 8.2;
				MTL_ENABLE_DEBUG_INFO = NO;
				SDKROOT = iphoneos;
				VALIDATE_PRODUCT = YES;
			};
			name = Release;
		};
		0683FA671B285EEF002C694B /* Debug */ = {
			isa = XCBuildConfiguration;
			baseConfigurationReference = AA921ACB481F431EC205FE74 /* Pods.debug.xcconfig */;
			buildSettings = {
				ASSETCATALOG_COMPILER_APPICON_NAME = AppIcon;
				INFOPLIST_FILE = MUKDataSource/Info.plist;
				LD_RUNPATH_SEARCH_PATHS = "$(inherited) @executable_path/Frameworks";
				PRODUCT_NAME = "$(TARGET_NAME)";
			};
			name = Debug;
		};
		0683FA681B285EEF002C694B /* Release */ = {
			isa = XCBuildConfiguration;
			baseConfigurationReference = 15726E95C35402D1C5289608 /* Pods.release.xcconfig */;
			buildSettings = {
				ASSETCATALOG_COMPILER_APPICON_NAME = AppIcon;
				INFOPLIST_FILE = MUKDataSource/Info.plist;
				LD_RUNPATH_SEARCH_PATHS = "$(inherited) @executable_path/Frameworks";
				PRODUCT_NAME = "$(TARGET_NAME)";
			};
			name = Release;
		};
		0683FA6A1B285EEF002C694B /* Debug */ = {
			isa = XCBuildConfiguration;
			baseConfigurationReference = CA7C24DB43B53D479DF5BCCE /* Pods-MUKDataSourceTests.debug.xcconfig */;
			buildSettings = {
				BUNDLE_LOADER = "$(TEST_HOST)";
				FRAMEWORK_SEARCH_PATHS = (
					"$(SDKROOT)/Developer/Library/Frameworks",
					"$(inherited)",
				);
				GCC_PREPROCESSOR_DEFINITIONS = (
					"DEBUG=1",
					"$(inherited)",
				);
				INFOPLIST_FILE = MUKDataSourceTests/Info.plist;
				LD_RUNPATH_SEARCH_PATHS = "$(inherited) @executable_path/Frameworks @loader_path/Frameworks";
				PRODUCT_NAME = "$(TARGET_NAME)";
				TEST_HOST = "$(BUILT_PRODUCTS_DIR)/MUKDataSource.app/MUKDataSource";
			};
			name = Debug;
		};
		0683FA6B1B285EEF002C694B /* Release */ = {
			isa = XCBuildConfiguration;
			baseConfigurationReference = D8AFC8EF2A2C187BC2F095B2 /* Pods-MUKDataSourceTests.release.xcconfig */;
			buildSettings = {
				BUNDLE_LOADER = "$(TEST_HOST)";
				FRAMEWORK_SEARCH_PATHS = (
					"$(SDKROOT)/Developer/Library/Frameworks",
					"$(inherited)",
				);
				INFOPLIST_FILE = MUKDataSourceTests/Info.plist;
				LD_RUNPATH_SEARCH_PATHS = "$(inherited) @executable_path/Frameworks @loader_path/Frameworks";
				PRODUCT_NAME = "$(TARGET_NAME)";
				TEST_HOST = "$(BUILT_PRODUCTS_DIR)/MUKDataSource.app/MUKDataSource";
			};
			name = Release;
		};
/* End XCBuildConfiguration section */

/* Begin XCConfigurationList section */
		0683FA3B1B285EEF002C694B /* Build configuration list for PBXProject "MUKDataSource" */ = {
			isa = XCConfigurationList;
			buildConfigurations = (
				0683FA641B285EEF002C694B /* Debug */,
				0683FA651B285EEF002C694B /* Release */,
			);
			defaultConfigurationIsVisible = 0;
			defaultConfigurationName = Release;
		};
		0683FA661B285EEF002C694B /* Build configuration list for PBXNativeTarget "MUKDataSource" */ = {
			isa = XCConfigurationList;
			buildConfigurations = (
				0683FA671B285EEF002C694B /* Debug */,
				0683FA681B285EEF002C694B /* Release */,
			);
			defaultConfigurationIsVisible = 0;
			defaultConfigurationName = Release;
		};
		0683FA691B285EEF002C694B /* Build configuration list for PBXNativeTarget "MUKDataSourceTests" */ = {
			isa = XCConfigurationList;
			buildConfigurations = (
				0683FA6A1B285EEF002C694B /* Debug */,
				0683FA6B1B285EEF002C694B /* Release */,
			);
			defaultConfigurationIsVisible = 0;
			defaultConfigurationName = Release;
		};
/* End XCConfigurationList section */
	};
	rootObject = 0683FA381B285EEF002C694B /* Project object */;
}
